// !$*UTF8*$!
{
	archiveVersion = 1;
	classes = {
	};
	objectVersion = 56;
	objects = {

/* Begin PBXBuildFile section */
		575BF41A2AEB5C0D005EB920 /* RMLocation.swift in Sources */ = {isa = PBXBuildFile; fileRef = 575BF4192AEB5C0D005EB920 /* RMLocation.swift */; };
		575BF41C2AEB5C36005EB920 /* RMCharacter.swift in Sources */ = {isa = PBXBuildFile; fileRef = 575BF41B2AEB5C36005EB920 /* RMCharacter.swift */; };
		575BF41F2AEB5C54005EB920 /* RMEpisode.swift in Sources */ = {isa = PBXBuildFile; fileRef = 575BF41E2AEB5C54005EB920 /* RMEpisode.swift */; };
		575BF4222AEB5D2C005EB920 /* RMCharactersViewController.swift in Sources */ = {isa = PBXBuildFile; fileRef = 575BF4212AEB5D2C005EB920 /* RMCharactersViewController.swift */; };
		575BF4242AEB5D58005EB920 /* RMLocationsViewController.swift in Sources */ = {isa = PBXBuildFile; fileRef = 575BF4232AEB5D58005EB920 /* RMLocationsViewController.swift */; };
		575BF4262AEB5D65005EB920 /* RMEpisodesViewController.swift in Sources */ = {isa = PBXBuildFile; fileRef = 575BF4252AEB5D65005EB920 /* RMEpisodesViewController.swift */; };
		575BF4282AEB5D7B005EB920 /* RMSettingsViewController.swift in Sources */ = {isa = PBXBuildFile; fileRef = 575BF4272AEB5D7B005EB920 /* RMSettingsViewController.swift */; };
		5787BFDB2AE8940700497FD7 /* AppDelegate.swift in Sources */ = {isa = PBXBuildFile; fileRef = 5787BFDA2AE8940700497FD7 /* AppDelegate.swift */; };
		5787BFDD2AE8940700497FD7 /* SceneDelegate.swift in Sources */ = {isa = PBXBuildFile; fileRef = 5787BFDC2AE8940700497FD7 /* SceneDelegate.swift */; };
		5787BFDF2AE8940700497FD7 /* RMTabBarController.swift in Sources */ = {isa = PBXBuildFile; fileRef = 5787BFDE2AE8940700497FD7 /* RMTabBarController.swift */; };
		5787BFE42AE8940800497FD7 /* Assets.xcassets in Resources */ = {isa = PBXBuildFile; fileRef = 5787BFE32AE8940800497FD7 /* Assets.xcassets */; };
		5787BFE72AE8940800497FD7 /* LaunchScreen.storyboard in Resources */ = {isa = PBXBuildFile; fileRef = 5787BFE52AE8940800497FD7 /* LaunchScreen.storyboard */; };
		57E345F52AEC716C009C1468 /* RMService.swift in Sources */ = {isa = PBXBuildFile; fileRef = 57E345F42AEC716C009C1468 /* RMService.swift */; };
		57E345F72AEC7186009C1468 /* RMRequest.swift in Sources */ = {isa = PBXBuildFile; fileRef = 57E345F62AEC7186009C1468 /* RMRequest.swift */; };
		57E345F92AEC71FE009C1468 /* RMEndpoint.swift in Sources */ = {isa = PBXBuildFile; fileRef = 57E345F82AEC71FE009C1468 /* RMEndpoint.swift */; };
		57E345FB2AEC772F009C1468 /* RMOrigin.swift in Sources */ = {isa = PBXBuildFile; fileRef = 57E345FA2AEC772F009C1468 /* RMOrigin.swift */; };
		57E345FE2AEC778B009C1468 /* RMSingleLocation.swift in Sources */ = {isa = PBXBuildFile; fileRef = 57E345FD2AEC778B009C1468 /* RMSingleLocation.swift */; };
		57E346002AEC80F6009C1468 /* RMCharacterStatus.swift in Sources */ = {isa = PBXBuildFile; fileRef = 57E345FF2AEC80F6009C1468 /* RMCharacterStatus.swift */; };
		57E346022AEC8165009C1468 /* RMCharacterGender.swift in Sources */ = {isa = PBXBuildFile; fileRef = 57E346012AEC8165009C1468 /* RMCharacterGender.swift */; };
		57E346062AEC979D009C1468 /* RMGetAllCharactersResponse.swift in Sources */ = {isa = PBXBuildFile; fileRef = 57E346052AEC979D009C1468 /* RMGetAllCharactersResponse.swift */; };
/* End PBXBuildFile section */

/* Begin PBXContainerItemProxy section */
		5787BFEE2AE8940800497FD7 /* PBXContainerItemProxy */ = {
			isa = PBXContainerItemProxy;
			containerPortal = 5787BFCF2AE8940700497FD7 /* Project object */;
			proxyType = 1;
			remoteGlobalIDString = 5787BFD62AE8940700497FD7;
			remoteInfo = RickAndMorty;
		};
		5787BFF82AE8940800497FD7 /* PBXContainerItemProxy */ = {
			isa = PBXContainerItemProxy;
			containerPortal = 5787BFCF2AE8940700497FD7 /* Project object */;
			proxyType = 1;
			remoteGlobalIDString = 5787BFD62AE8940700497FD7;
			remoteInfo = RickAndMorty;
		};
/* End PBXContainerItemProxy section */

/* Begin PBXFileReference section */
		575BF4192AEB5C0D005EB920 /* RMLocation.swift */ = {isa = PBXFileReference; lastKnownFileType = sourcecode.swift; path = RMLocation.swift; sourceTree = "<group>"; };
		575BF41B2AEB5C36005EB920 /* RMCharacter.swift */ = {isa = PBXFileReference; lastKnownFileType = sourcecode.swift; path = RMCharacter.swift; sourceTree = "<group>"; };
		575BF41E2AEB5C54005EB920 /* RMEpisode.swift */ = {isa = PBXFileReference; lastKnownFileType = sourcecode.swift; path = RMEpisode.swift; sourceTree = "<group>"; };
		575BF4212AEB5D2C005EB920 /* RMCharactersViewController.swift */ = {isa = PBXFileReference; lastKnownFileType = sourcecode.swift; path = RMCharactersViewController.swift; sourceTree = "<group>"; };
		575BF4232AEB5D58005EB920 /* RMLocationsViewController.swift */ = {isa = PBXFileReference; lastKnownFileType = sourcecode.swift; path = RMLocationsViewController.swift; sourceTree = "<group>"; };
		575BF4252AEB5D65005EB920 /* RMEpisodesViewController.swift */ = {isa = PBXFileReference; lastKnownFileType = sourcecode.swift; path = RMEpisodesViewController.swift; sourceTree = "<group>"; };
		575BF4272AEB5D7B005EB920 /* RMSettingsViewController.swift */ = {isa = PBXFileReference; lastKnownFileType = sourcecode.swift; path = RMSettingsViewController.swift; sourceTree = "<group>"; };
		5787BFD72AE8940700497FD7 /* RickAndMorty.app */ = {isa = PBXFileReference; explicitFileType = wrapper.application; includeInIndex = 0; path = RickAndMorty.app; sourceTree = BUILT_PRODUCTS_DIR; };
		5787BFDA2AE8940700497FD7 /* AppDelegate.swift */ = {isa = PBXFileReference; lastKnownFileType = sourcecode.swift; path = AppDelegate.swift; sourceTree = "<group>"; };
		5787BFDC2AE8940700497FD7 /* SceneDelegate.swift */ = {isa = PBXFileReference; lastKnownFileType = sourcecode.swift; path = SceneDelegate.swift; sourceTree = "<group>"; };
		5787BFDE2AE8940700497FD7 /* RMTabBarController.swift */ = {isa = PBXFileReference; lastKnownFileType = sourcecode.swift; path = RMTabBarController.swift; sourceTree = "<group>"; };
		5787BFE32AE8940800497FD7 /* Assets.xcassets */ = {isa = PBXFileReference; lastKnownFileType = folder.assetcatalog; path = Assets.xcassets; sourceTree = "<group>"; };
		5787BFE62AE8940800497FD7 /* Base */ = {isa = PBXFileReference; lastKnownFileType = file.storyboard; name = Base; path = Base.lproj/LaunchScreen.storyboard; sourceTree = "<group>"; };
		5787BFE82AE8940800497FD7 /* Info.plist */ = {isa = PBXFileReference; lastKnownFileType = text.plist.xml; path = Info.plist; sourceTree = "<group>"; };
		5787BFED2AE8940800497FD7 /* RickAndMortyTests.xctest */ = {isa = PBXFileReference; explicitFileType = wrapper.cfbundle; includeInIndex = 0; path = RickAndMortyTests.xctest; sourceTree = BUILT_PRODUCTS_DIR; };
		5787BFF72AE8940800497FD7 /* RickAndMortyUITests.xctest */ = {isa = PBXFileReference; explicitFileType = wrapper.cfbundle; includeInIndex = 0; path = RickAndMortyUITests.xctest; sourceTree = BUILT_PRODUCTS_DIR; };
		57E345F42AEC716C009C1468 /* RMService.swift */ = {isa = PBXFileReference; lastKnownFileType = sourcecode.swift; path = RMService.swift; sourceTree = "<group>"; };
		57E345F62AEC7186009C1468 /* RMRequest.swift */ = {isa = PBXFileReference; lastKnownFileType = sourcecode.swift; path = RMRequest.swift; sourceTree = "<group>"; };
		57E345F82AEC71FE009C1468 /* RMEndpoint.swift */ = {isa = PBXFileReference; lastKnownFileType = sourcecode.swift; path = RMEndpoint.swift; sourceTree = "<group>"; };
		57E345FA2AEC772F009C1468 /* RMOrigin.swift */ = {isa = PBXFileReference; lastKnownFileType = sourcecode.swift; path = RMOrigin.swift; sourceTree = "<group>"; };
		57E345FD2AEC778B009C1468 /* RMSingleLocation.swift */ = {isa = PBXFileReference; lastKnownFileType = sourcecode.swift; path = RMSingleLocation.swift; sourceTree = "<group>"; };
		57E345FF2AEC80F6009C1468 /* RMCharacterStatus.swift */ = {isa = PBXFileReference; lastKnownFileType = sourcecode.swift; path = RMCharacterStatus.swift; sourceTree = "<group>"; };
		57E346012AEC8165009C1468 /* RMCharacterGender.swift */ = {isa = PBXFileReference; lastKnownFileType = sourcecode.swift; path = RMCharacterGender.swift; sourceTree = "<group>"; };
		57E346052AEC979D009C1468 /* RMGetAllCharactersResponse.swift */ = {isa = PBXFileReference; lastKnownFileType = sourcecode.swift; path = RMGetAllCharactersResponse.swift; sourceTree = "<group>"; };
/* End PBXFileReference section */

/* Begin PBXFrameworksBuildPhase section */
		5787BFD42AE8940700497FD7 /* Frameworks */ = {
			isa = PBXFrameworksBuildPhase;
			buildActionMask = 2147483647;
			files = (
			);
			runOnlyForDeploymentPostprocessing = 0;
		};
		5787BFEA2AE8940800497FD7 /* Frameworks */ = {
			isa = PBXFrameworksBuildPhase;
			buildActionMask = 2147483647;
			files = (
			);
			runOnlyForDeploymentPostprocessing = 0;
		};
		5787BFF42AE8940800497FD7 /* Frameworks */ = {
			isa = PBXFrameworksBuildPhase;
			buildActionMask = 2147483647;
			files = (
			);
			runOnlyForDeploymentPostprocessing = 0;
		};
/* End PBXFrameworksBuildPhase section */

/* Begin PBXGroup section */
		575BF4132AEB5B07005EB920 /* Views */ = {
			isa = PBXGroup;
			children = (
			);
			path = Views;
			sourceTree = "<group>";
		};
		575BF4142AEB5B13005EB920 /* Models */ = {
			isa = PBXGroup;
			children = (
				57E346042AEC9772009C1468 /* APIResponseTypes */,
				57E346032AEC9766009C1468 /* DataTypes */,
			);
			path = Models;
			sourceTree = "<group>";
		};
		575BF4152AEB5B1C005EB920 /* Controllers */ = {
			isa = PBXGroup;
			children = (
				575BF4202AEB5CB8005EB920 /* Core */,
			);
			path = Controllers;
			sourceTree = "<group>";
		};
		575BF4162AEB5B34005EB920 /* Managers */ = {
			isa = PBXGroup;
			children = (
			);
			path = Managers;
			sourceTree = "<group>";
		};
		575BF4172AEB5B59005EB920 /* APIClient */ = {
			isa = PBXGroup;
			children = (
				57E345F42AEC716C009C1468 /* RMService.swift */,
				57E345F62AEC7186009C1468 /* RMRequest.swift */,
				57E345F82AEC71FE009C1468 /* RMEndpoint.swift */,
			);
			path = APIClient;
			sourceTree = "<group>";
		};
		575BF4182AEB5B67005EB920 /* Resources */ = {
			isa = PBXGroup;
			children = (
				5787BFE52AE8940800497FD7 /* LaunchScreen.storyboard */,
				5787BFE32AE8940800497FD7 /* Assets.xcassets */,
				5787BFDA2AE8940700497FD7 /* AppDelegate.swift */,
				5787BFDC2AE8940700497FD7 /* SceneDelegate.swift */,
			);
			path = Resources;
			sourceTree = "<group>";
		};
		575BF4202AEB5CB8005EB920 /* Core */ = {
			isa = PBXGroup;
			children = (
				5787BFDE2AE8940700497FD7 /* RMTabBarController.swift */,
				575BF4212AEB5D2C005EB920 /* RMCharactersViewController.swift */,
				575BF4232AEB5D58005EB920 /* RMLocationsViewController.swift */,
				575BF4252AEB5D65005EB920 /* RMEpisodesViewController.swift */,
				575BF4272AEB5D7B005EB920 /* RMSettingsViewController.swift */,
			);
			path = Core;
			sourceTree = "<group>";
		};
		5787BFCE2AE8940700497FD7 = {
			isa = PBXGroup;
			children = (
				5787BFD92AE8940700497FD7 /* RickAndMorty */,
				5787BFD82AE8940700497FD7 /* Products */,
			);
			sourceTree = "<group>";
		};
		5787BFD82AE8940700497FD7 /* Products */ = {
			isa = PBXGroup;
			children = (
				5787BFD72AE8940700497FD7 /* RickAndMorty.app */,
				5787BFED2AE8940800497FD7 /* RickAndMortyTests.xctest */,
				5787BFF72AE8940800497FD7 /* RickAndMortyUITests.xctest */,
			);
			name = Products;
			sourceTree = "<group>";
		};
		5787BFD92AE8940700497FD7 /* RickAndMorty */ = {
			isa = PBXGroup;
			children = (
				575BF4172AEB5B59005EB920 /* APIClient */,
				575BF4152AEB5B1C005EB920 /* Controllers */,
				5787BFE82AE8940800497FD7 /* Info.plist */,
				575BF4162AEB5B34005EB920 /* Managers */,
				575BF4142AEB5B13005EB920 /* Models */,
				575BF4182AEB5B67005EB920 /* Resources */,
				5787C00A2AE8994500497FD7 /* ViewModels */,
				575BF4132AEB5B07005EB920 /* Views */,
			);
			path = RickAndMorty;
			sourceTree = "<group>";
		};
		5787C00A2AE8994500497FD7 /* ViewModels */ = {
			isa = PBXGroup;
			children = (
			);
			path = ViewModels;
			sourceTree = "<group>";
		};
		57E346032AEC9766009C1468 /* DataTypes */ = {
			isa = PBXGroup;
			children = (
				575BF4192AEB5C0D005EB920 /* RMLocation.swift */,
				575BF41B2AEB5C36005EB920 /* RMCharacter.swift */,
				575BF41E2AEB5C54005EB920 /* RMEpisode.swift */,
				57E345FA2AEC772F009C1468 /* RMOrigin.swift */,
				57E345FD2AEC778B009C1468 /* RMSingleLocation.swift */,
				57E345FF2AEC80F6009C1468 /* RMCharacterStatus.swift */,
				57E346012AEC8165009C1468 /* RMCharacterGender.swift */,
			);
			path = DataTypes;
			sourceTree = "<group>";
		};
		57E346042AEC9772009C1468 /* APIResponseTypes */ = {
			isa = PBXGroup;
			children = (
				57E346052AEC979D009C1468 /* RMGetAllCharactersResponse.swift */,
			);
			path = APIResponseTypes;
			sourceTree = "<group>";
		};
/* End PBXGroup section */

/* Begin PBXNativeTarget section */
		5787BFD62AE8940700497FD7 /* RickAndMorty */ = {
			isa = PBXNativeTarget;
			buildConfigurationList = 5787C0012AE8940800497FD7 /* Build configuration list for PBXNativeTarget "RickAndMorty" */;
			buildPhases = (
				5787BFD32AE8940700497FD7 /* Sources */,
				5787BFD42AE8940700497FD7 /* Frameworks */,
				5787BFD52AE8940700497FD7 /* Resources */,
			);
			buildRules = (
			);
			dependencies = (
			);
			name = RickAndMorty;
			productName = RickAndMorty;
			productReference = 5787BFD72AE8940700497FD7 /* RickAndMorty.app */;
			productType = "com.apple.product-type.application";
		};
		5787BFEC2AE8940800497FD7 /* RickAndMortyTests */ = {
			isa = PBXNativeTarget;
			buildConfigurationList = 5787C0042AE8940800497FD7 /* Build configuration list for PBXNativeTarget "RickAndMortyTests" */;
			buildPhases = (
				5787BFE92AE8940800497FD7 /* Sources */,
				5787BFEA2AE8940800497FD7 /* Frameworks */,
				5787BFEB2AE8940800497FD7 /* Resources */,
			);
			buildRules = (
			);
			dependencies = (
				5787BFEF2AE8940800497FD7 /* PBXTargetDependency */,
			);
			name = RickAndMortyTests;
			productName = RickAndMortyTests;
			productReference = 5787BFED2AE8940800497FD7 /* RickAndMortyTests.xctest */;
			productType = "com.apple.product-type.bundle.unit-test";
		};
		5787BFF62AE8940800497FD7 /* RickAndMortyUITests */ = {
			isa = PBXNativeTarget;
			buildConfigurationList = 5787C0072AE8940800497FD7 /* Build configuration list for PBXNativeTarget "RickAndMortyUITests" */;
			buildPhases = (
				5787BFF32AE8940800497FD7 /* Sources */,
				5787BFF42AE8940800497FD7 /* Frameworks */,
				5787BFF52AE8940800497FD7 /* Resources */,
			);
			buildRules = (
			);
			dependencies = (
				5787BFF92AE8940800497FD7 /* PBXTargetDependency */,
			);
			name = RickAndMortyUITests;
			productName = RickAndMortyUITests;
			productReference = 5787BFF72AE8940800497FD7 /* RickAndMortyUITests.xctest */;
			productType = "com.apple.product-type.bundle.ui-testing";
		};
/* End PBXNativeTarget section */

/* Begin PBXProject section */
		5787BFCF2AE8940700497FD7 /* Project object */ = {
			isa = PBXProject;
			attributes = {
				BuildIndependentTargetsInParallel = 1;
				LastSwiftUpdateCheck = 1500;
				LastUpgradeCheck = 1500;
				TargetAttributes = {
					5787BFD62AE8940700497FD7 = {
						CreatedOnToolsVersion = 15.0.1;
					};
					5787BFEC2AE8940800497FD7 = {
						CreatedOnToolsVersion = 15.0.1;
						TestTargetID = 5787BFD62AE8940700497FD7;
					};
					5787BFF62AE8940800497FD7 = {
						CreatedOnToolsVersion = 15.0.1;
						TestTargetID = 5787BFD62AE8940700497FD7;
					};
				};
			};
			buildConfigurationList = 5787BFD22AE8940700497FD7 /* Build configuration list for PBXProject "RickAndMorty" */;
			compatibilityVersion = "Xcode 14.0";
			developmentRegion = en;
			hasScannedForEncodings = 0;
			knownRegions = (
				en,
				Base,
			);
			mainGroup = 5787BFCE2AE8940700497FD7;
			productRefGroup = 5787BFD82AE8940700497FD7 /* Products */;
			projectDirPath = "";
			projectRoot = "";
			targets = (
				5787BFD62AE8940700497FD7 /* RickAndMorty */,
				5787BFEC2AE8940800497FD7 /* RickAndMortyTests */,
				5787BFF62AE8940800497FD7 /* RickAndMortyUITests */,
			);
		};
/* End PBXProject section */

/* Begin PBXResourcesBuildPhase section */
		5787BFD52AE8940700497FD7 /* Resources */ = {
			isa = PBXResourcesBuildPhase;
			buildActionMask = 2147483647;
			files = (
				5787BFE72AE8940800497FD7 /* LaunchScreen.storyboard in Resources */,
				5787BFE42AE8940800497FD7 /* Assets.xcassets in Resources */,
			);
			runOnlyForDeploymentPostprocessing = 0;
		};
		5787BFEB2AE8940800497FD7 /* Resources */ = {
			isa = PBXResourcesBuildPhase;
			buildActionMask = 2147483647;
			files = (
			);
			runOnlyForDeploymentPostprocessing = 0;
		};
		5787BFF52AE8940800497FD7 /* Resources */ = {
			isa = PBXResourcesBuildPhase;
			buildActionMask = 2147483647;
			files = (
			);
			runOnlyForDeploymentPostprocessing = 0;
		};
/* End PBXResourcesBuildPhase section */

/* Begin PBXSourcesBuildPhase section */
		5787BFD32AE8940700497FD7 /* Sources */ = {
			isa = PBXSourcesBuildPhase;
			buildActionMask = 2147483647;
			files = (
				57E345FB2AEC772F009C1468 /* RMOrigin.swift in Sources */,
				57E345FE2AEC778B009C1468 /* RMSingleLocation.swift in Sources */,
				57E346062AEC979D009C1468 /* RMGetAllCharactersResponse.swift in Sources */,
				57E346002AEC80F6009C1468 /* RMCharacterStatus.swift in Sources */,
				57E346022AEC8165009C1468 /* RMCharacterGender.swift in Sources */,
				575BF4242AEB5D58005EB920 /* RMLocationsViewController.swift in Sources */,
				575BF41F2AEB5C54005EB920 /* RMEpisode.swift in Sources */,
				5787BFDF2AE8940700497FD7 /* RMTabBarController.swift in Sources */,
				575BF4262AEB5D65005EB920 /* RMEpisodesViewController.swift in Sources */,
				575BF4282AEB5D7B005EB920 /* RMSettingsViewController.swift in Sources */,
				5787BFDB2AE8940700497FD7 /* AppDelegate.swift in Sources */,
				575BF41A2AEB5C0D005EB920 /* RMLocation.swift in Sources */,
				57E345F52AEC716C009C1468 /* RMService.swift in Sources */,
				5787BFDD2AE8940700497FD7 /* SceneDelegate.swift in Sources */,
				57E345F92AEC71FE009C1468 /* RMEndpoint.swift in Sources */,
				575BF41C2AEB5C36005EB920 /* RMCharacter.swift in Sources */,
				57E345F72AEC7186009C1468 /* RMRequest.swift in Sources */,
				575BF4222AEB5D2C005EB920 /* RMCharactersViewController.swift in Sources */,
			);
			runOnlyForDeploymentPostprocessing = 0;
		};
		5787BFE92AE8940800497FD7 /* Sources */ = {
			isa = PBXSourcesBuildPhase;
			buildActionMask = 2147483647;
			files = (
			);
			runOnlyForDeploymentPostprocessing = 0;
		};
		5787BFF32AE8940800497FD7 /* Sources */ = {
			isa = PBXSourcesBuildPhase;
			buildActionMask = 2147483647;
			files = (
			);
			runOnlyForDeploymentPostprocessing = 0;
		};
/* End PBXSourcesBuildPhase section */

/* Begin PBXTargetDependency section */
		5787BFEF2AE8940800497FD7 /* PBXTargetDependency */ = {
			isa = PBXTargetDependency;
			target = 5787BFD62AE8940700497FD7 /* RickAndMorty */;
			targetProxy = 5787BFEE2AE8940800497FD7 /* PBXContainerItemProxy */;
		};
		5787BFF92AE8940800497FD7 /* PBXTargetDependency */ = {
			isa = PBXTargetDependency;
			target = 5787BFD62AE8940700497FD7 /* RickAndMorty */;
			targetProxy = 5787BFF82AE8940800497FD7 /* PBXContainerItemProxy */;
		};
/* End PBXTargetDependency section */

/* Begin PBXVariantGroup section */
		5787BFE52AE8940800497FD7 /* LaunchScreen.storyboard */ = {
			isa = PBXVariantGroup;
			children = (
				5787BFE62AE8940800497FD7 /* Base */,
			);
			name = LaunchScreen.storyboard;
			sourceTree = "<group>";
		};
/* End PBXVariantGroup section */

/* Begin XCBuildConfiguration section */
		5787BFFF2AE8940800497FD7 /* Debug */ = {
			isa = XCBuildConfiguration;
			buildSettings = {
				ALWAYS_SEARCH_USER_PATHS = NO;
				ASSETCATALOG_COMPILER_GENERATE_SWIFT_ASSET_SYMBOL_EXTENSIONS = YES;
				CLANG_ANALYZER_NONNULL = YES;
				CLANG_ANALYZER_NUMBER_OBJECT_CONVERSION = YES_AGGRESSIVE;
				CLANG_CXX_LANGUAGE_STANDARD = "gnu++20";
				CLANG_ENABLE_MODULES = YES;
				CLANG_ENABLE_OBJC_ARC = YES;
				CLANG_ENABLE_OBJC_WEAK = YES;
				CLANG_WARN_BLOCK_CAPTURE_AUTORELEASING = YES;
				CLANG_WARN_BOOL_CONVERSION = YES;
				CLANG_WARN_COMMA = YES;
				CLANG_WARN_CONSTANT_CONVERSION = YES;
				CLANG_WARN_DEPRECATED_OBJC_IMPLEMENTATIONS = YES;
				CLANG_WARN_DIRECT_OBJC_ISA_USAGE = YES_ERROR;
				CLANG_WARN_DOCUMENTATION_COMMENTS = YES;
				CLANG_WARN_EMPTY_BODY = YES;
				CLANG_WARN_ENUM_CONVERSION = YES;
				CLANG_WARN_INFINITE_RECURSION = YES;
				CLANG_WARN_INT_CONVERSION = YES;
				CLANG_WARN_NON_LITERAL_NULL_CONVERSION = YES;
				CLANG_WARN_OBJC_IMPLICIT_RETAIN_SELF = YES;
				CLANG_WARN_OBJC_LITERAL_CONVERSION = YES;
				CLANG_WARN_OBJC_ROOT_CLASS = YES_ERROR;
				CLANG_WARN_QUOTED_INCLUDE_IN_FRAMEWORK_HEADER = YES;
				CLANG_WARN_RANGE_LOOP_ANALYSIS = YES;
				CLANG_WARN_STRICT_PROTOTYPES = YES;
				CLANG_WARN_SUSPICIOUS_MOVE = YES;
				CLANG_WARN_UNGUARDED_AVAILABILITY = YES_AGGRESSIVE;
				CLANG_WARN_UNREACHABLE_CODE = YES;
				CLANG_WARN__DUPLICATE_METHOD_MATCH = YES;
				COPY_PHASE_STRIP = NO;
				DEBUG_INFORMATION_FORMAT = dwarf;
				ENABLE_STRICT_OBJC_MSGSEND = YES;
				ENABLE_TESTABILITY = YES;
				ENABLE_USER_SCRIPT_SANDBOXING = YES;
				GCC_C_LANGUAGE_STANDARD = gnu17;
				GCC_DYNAMIC_NO_PIC = NO;
				GCC_NO_COMMON_BLOCKS = YES;
				GCC_OPTIMIZATION_LEVEL = 0;
				GCC_PREPROCESSOR_DEFINITIONS = (
					"DEBUG=1",
					"$(inherited)",
				);
				GCC_WARN_64_TO_32_BIT_CONVERSION = YES;
				GCC_WARN_ABOUT_RETURN_TYPE = YES_ERROR;
				GCC_WARN_UNDECLARED_SELECTOR = YES;
				GCC_WARN_UNINITIALIZED_AUTOS = YES_AGGRESSIVE;
				GCC_WARN_UNUSED_FUNCTION = YES;
				GCC_WARN_UNUSED_VARIABLE = YES;
				IPHONEOS_DEPLOYMENT_TARGET = 17.0;
				LOCALIZATION_PREFERS_STRING_CATALOGS = YES;
				MTL_ENABLE_DEBUG_INFO = INCLUDE_SOURCE;
				MTL_FAST_MATH = YES;
				ONLY_ACTIVE_ARCH = YES;
				SDKROOT = iphoneos;
				SWIFT_ACTIVE_COMPILATION_CONDITIONS = "DEBUG $(inherited)";
				SWIFT_OPTIMIZATION_LEVEL = "-Onone";
			};
			name = Debug;
		};
		5787C0002AE8940800497FD7 /* Release */ = {
			isa = XCBuildConfiguration;
			buildSettings = {
				ALWAYS_SEARCH_USER_PATHS = NO;
				ASSETCATALOG_COMPILER_GENERATE_SWIFT_ASSET_SYMBOL_EXTENSIONS = YES;
				CLANG_ANALYZER_NONNULL = YES;
				CLANG_ANALYZER_NUMBER_OBJECT_CONVERSION = YES_AGGRESSIVE;
				CLANG_CXX_LANGUAGE_STANDARD = "gnu++20";
				CLANG_ENABLE_MODULES = YES;
				CLANG_ENABLE_OBJC_ARC = YES;
				CLANG_ENABLE_OBJC_WEAK = YES;
				CLANG_WARN_BLOCK_CAPTURE_AUTORELEASING = YES;
				CLANG_WARN_BOOL_CONVERSION = YES;
				CLANG_WARN_COMMA = YES;
				CLANG_WARN_CONSTANT_CONVERSION = YES;
				CLANG_WARN_DEPRECATED_OBJC_IMPLEMENTATIONS = YES;
				CLANG_WARN_DIRECT_OBJC_ISA_USAGE = YES_ERROR;
				CLANG_WARN_DOCUMENTATION_COMMENTS = YES;
				CLANG_WARN_EMPTY_BODY = YES;
				CLANG_WARN_ENUM_CONVERSION = YES;
				CLANG_WARN_INFINITE_RECURSION = YES;
				CLANG_WARN_INT_CONVERSION = YES;
				CLANG_WARN_NON_LITERAL_NULL_CONVERSION = YES;
				CLANG_WARN_OBJC_IMPLICIT_RETAIN_SELF = YES;
				CLANG_WARN_OBJC_LITERAL_CONVERSION = YES;
				CLANG_WARN_OBJC_ROOT_CLASS = YES_ERROR;
				CLANG_WARN_QUOTED_INCLUDE_IN_FRAMEWORK_HEADER = YES;
				CLANG_WARN_RANGE_LOOP_ANALYSIS = YES;
				CLANG_WARN_STRICT_PROTOTYPES = YES;
				CLANG_WARN_SUSPICIOUS_MOVE = YES;
				CLANG_WARN_UNGUARDED_AVAILABILITY = YES_AGGRESSIVE;
				CLANG_WARN_UNREACHABLE_CODE = YES;
				CLANG_WARN__DUPLICATE_METHOD_MATCH = YES;
				COPY_PHASE_STRIP = NO;
				DEBUG_INFORMATION_FORMAT = "dwarf-with-dsym";
				ENABLE_NS_ASSERTIONS = NO;
				ENABLE_STRICT_OBJC_MSGSEND = YES;
				ENABLE_USER_SCRIPT_SANDBOXING = YES;
				GCC_C_LANGUAGE_STANDARD = gnu17;
				GCC_NO_COMMON_BLOCKS = YES;
				GCC_WARN_64_TO_32_BIT_CONVERSION = YES;
				GCC_WARN_ABOUT_RETURN_TYPE = YES_ERROR;
				GCC_WARN_UNDECLARED_SELECTOR = YES;
				GCC_WARN_UNINITIALIZED_AUTOS = YES_AGGRESSIVE;
				GCC_WARN_UNUSED_FUNCTION = YES;
				GCC_WARN_UNUSED_VARIABLE = YES;
				IPHONEOS_DEPLOYMENT_TARGET = 17.0;
				LOCALIZATION_PREFERS_STRING_CATALOGS = YES;
				MTL_ENABLE_DEBUG_INFO = NO;
				MTL_FAST_MATH = YES;
				SDKROOT = iphoneos;
				SWIFT_COMPILATION_MODE = wholemodule;
				VALIDATE_PRODUCT = YES;
			};
			name = Release;
		};
		5787C0022AE8940800497FD7 /* Debug */ = {
			isa = XCBuildConfiguration;
			buildSettings = {
				ASSETCATALOG_COMPILER_APPICON_NAME = AppIcon;
				ASSETCATALOG_COMPILER_GLOBAL_ACCENT_COLOR_NAME = AccentColor;
				CODE_SIGN_STYLE = Automatic;
				CURRENT_PROJECT_VERSION = 1;
				GENERATE_INFOPLIST_FILE = YES;
				INFOPLIST_FILE = RickAndMorty/Info.plist;
				INFOPLIST_KEY_UIApplicationSupportsIndirectInputEvents = YES;
				INFOPLIST_KEY_UILaunchStoryboardName = LaunchScreen;
				INFOPLIST_KEY_UISupportedInterfaceOrientations_iPad = "UIInterfaceOrientationPortrait UIInterfaceOrientationPortraitUpsideDown UIInterfaceOrientationLandscapeLeft UIInterfaceOrientationLandscapeRight";
				INFOPLIST_KEY_UISupportedInterfaceOrientations_iPhone = "UIInterfaceOrientationPortrait UIInterfaceOrientationLandscapeLeft UIInterfaceOrientationLandscapeRight";
				LD_RUNPATH_SEARCH_PATHS = (
					"$(inherited)",
					"@executable_path/Frameworks",
				);
				MARKETING_VERSION = 1.0;
				PRODUCT_BUNDLE_IDENTIFIER = io.victor.RickAndMorty;
				PRODUCT_NAME = "$(TARGET_NAME)";
				SWIFT_EMIT_LOC_STRINGS = YES;
				SWIFT_VERSION = 5.0;
				TARGETED_DEVICE_FAMILY = "1,2";
			};
			name = Debug;
		};
		5787C0032AE8940800497FD7 /* Release */ = {
			isa = XCBuildConfiguration;
			buildSettings = {
				ASSETCATALOG_COMPILER_APPICON_NAME = AppIcon;
				ASSETCATALOG_COMPILER_GLOBAL_ACCENT_COLOR_NAME = AccentColor;
				CODE_SIGN_STYLE = Automatic;
				CURRENT_PROJECT_VERSION = 1;
				GENERATE_INFOPLIST_FILE = YES;
				INFOPLIST_FILE = RickAndMorty/Info.plist;
				INFOPLIST_KEY_UIApplicationSupportsIndirectInputEvents = YES;
				INFOPLIST_KEY_UILaunchStoryboardName = LaunchScreen;
				INFOPLIST_KEY_UISupportedInterfaceOrientations_iPad = "UIInterfaceOrientationPortrait UIInterfaceOrientationPortraitUpsideDown UIInterfaceOrientationLandscapeLeft UIInterfaceOrientationLandscapeRight";
				INFOPLIST_KEY_UISupportedInterfaceOrientations_iPhone = "UIInterfaceOrientationPortrait UIInterfaceOrientationLandscapeLeft UIInterfaceOrientationLandscapeRight";
				LD_RUNPATH_SEARCH_PATHS = (
					"$(inherited)",
					"@executable_path/Frameworks",
				);
				MARKETING_VERSION = 1.0;
				PRODUCT_BUNDLE_IDENTIFIER = io.victor.RickAndMorty;
				PRODUCT_NAME = "$(TARGET_NAME)";
				SWIFT_EMIT_LOC_STRINGS = YES;
				SWIFT_VERSION = 5.0;
				TARGETED_DEVICE_FAMILY = "1,2";
			};
			name = Release;
		};
		5787C0052AE8940800497FD7 /* Debug */ = {
			isa = XCBuildConfiguration;
			buildSettings = {
				ALWAYS_EMBED_SWIFT_STANDARD_LIBRARIES = YES;
				BUNDLE_LOADER = "$(TEST_HOST)";
				CODE_SIGN_STYLE = Automatic;
				CURRENT_PROJECT_VERSION = 1;
				GENERATE_INFOPLIST_FILE = YES;
				IPHONEOS_DEPLOYMENT_TARGET = 17.0;
				MARKETING_VERSION = 1.0;
				PRODUCT_BUNDLE_IDENTIFIER = io.victor.RickAndMortyTests;
				PRODUCT_NAME = "$(TARGET_NAME)";
				SWIFT_EMIT_LOC_STRINGS = NO;
				SWIFT_VERSION = 5.0;
				TARGETED_DEVICE_FAMILY = "1,2";
				TEST_HOST = "$(BUILT_PRODUCTS_DIR)/RickAndMorty.app/$(BUNDLE_EXECUTABLE_FOLDER_PATH)/RickAndMorty";
			};
			name = Debug;
		};
		5787C0062AE8940800497FD7 /* Release */ = {
			isa = XCBuildConfiguration;
			buildSettings = {
				ALWAYS_EMBED_SWIFT_STANDARD_LIBRARIES = YES;
				BUNDLE_LOADER = "$(TEST_HOST)";
				CODE_SIGN_STYLE = Automatic;
				CURRENT_PROJECT_VERSION = 1;
				GENERATE_INFOPLIST_FILE = YES;
				IPHONEOS_DEPLOYMENT_TARGET = 17.0;
				MARKETING_VERSION = 1.0;
				PRODUCT_BUNDLE_IDENTIFIER = io.victor.RickAndMortyTests;
				PRODUCT_NAME = "$(TARGET_NAME)";
				SWIFT_EMIT_LOC_STRINGS = NO;
				SWIFT_VERSION = 5.0;
				TARGETED_DEVICE_FAMILY = "1,2";
				TEST_HOST = "$(BUILT_PRODUCTS_DIR)/RickAndMorty.app/$(BUNDLE_EXECUTABLE_FOLDER_PATH)/RickAndMorty";
			};
			name = Release;
		};
		5787C0082AE8940800497FD7 /* Debug */ = {
			isa = XCBuildConfiguration;
			buildSettings = {
				ALWAYS_EMBED_SWIFT_STANDARD_LIBRARIES = YES;
				CODE_SIGN_STYLE = Automatic;
				CURRENT_PROJECT_VERSION = 1;
				GENERATE_INFOPLIST_FILE = YES;
				MARKETING_VERSION = 1.0;
				PRODUCT_BUNDLE_IDENTIFIER = io.victor.RickAndMortyUITests;
				PRODUCT_NAME = "$(TARGET_NAME)";
				SWIFT_EMIT_LOC_STRINGS = NO;
				SWIFT_VERSION = 5.0;
				TARGETED_DEVICE_FAMILY = "1,2";
				TEST_TARGET_NAME = RickAndMorty;
			};
			name = Debug;
		};
		5787C0092AE8940800497FD7 /* Release */ = {
			isa = XCBuildConfiguration;
			buildSettings = {
				ALWAYS_EMBED_SWIFT_STANDARD_LIBRARIES = YES;
				CODE_SIGN_STYLE = Automatic;
				CURRENT_PROJECT_VERSION = 1;
				GENERATE_INFOPLIST_FILE = YES;
				MARKETING_VERSION = 1.0;
				PRODUCT_BUNDLE_IDENTIFIER = io.victor.RickAndMortyUITests;
				PRODUCT_NAME = "$(TARGET_NAME)";
				SWIFT_EMIT_LOC_STRINGS = NO;
				SWIFT_VERSION = 5.0;
				TARGETED_DEVICE_FAMILY = "1,2";
				TEST_TARGET_NAME = RickAndMorty;
			};
			name = Release;
		};
/* End XCBuildConfiguration section */

/* Begin XCConfigurationList section */
		5787BFD22AE8940700497FD7 /* Build configuration list for PBXProject "RickAndMorty" */ = {
			isa = XCConfigurationList;
			buildConfigurations = (
				5787BFFF2AE8940800497FD7 /* Debug */,
				5787C0002AE8940800497FD7 /* Release */,
			);
			defaultConfigurationIsVisible = 0;
			defaultConfigurationName = Release;
		};
		5787C0012AE8940800497FD7 /* Build configuration list for PBXNativeTarget "RickAndMorty" */ = {
			isa = XCConfigurationList;
			buildConfigurations = (
				5787C0022AE8940800497FD7 /* Debug */,
				5787C0032AE8940800497FD7 /* Release */,
			);
			defaultConfigurationIsVisible = 0;
			defaultConfigurationName = Release;
		};
		5787C0042AE8940800497FD7 /* Build configuration list for PBXNativeTarget "RickAndMortyTests" */ = {
			isa = XCConfigurationList;
			buildConfigurations = (
				5787C0052AE8940800497FD7 /* Debug */,
				5787C0062AE8940800497FD7 /* Release */,
			);
			defaultConfigurationIsVisible = 0;
			defaultConfigurationName = Release;
		};
		5787C0072AE8940800497FD7 /* Build configuration list for PBXNativeTarget "RickAndMortyUITests" */ = {
			isa = XCConfigurationList;
			buildConfigurations = (
				5787C0082AE8940800497FD7 /* Debug */,
				5787C0092AE8940800497FD7 /* Release */,
			);
			defaultConfigurationIsVisible = 0;
			defaultConfigurationName = Release;
		};
/* End XCConfigurationList section */
	};
	rootObject = 5787BFCF2AE8940700497FD7 /* Project object */;
}
